version: 6
environments:
  default:
    channels:
    - url: https://conda.anaconda.org/conda-forge/
    packages:
      osx-arm64:
      - conda: https://conda.anaconda.org/conda-forge/osx-arm64/bzip2-1.0.8-h99b78c6_7.conda
      - conda: https://conda.anaconda.org/conda-forge/osx-arm64/ca-certificates-2025.1.31-hf0a4a13_0.conda
      - conda: https://conda.anaconda.org/conda-forge/osx-arm64/cairo-1.18.4-h6a3b0d2_0.conda
      - conda: https://conda.anaconda.org/conda-forge/osx-arm64/cyrus-sasl-2.1.27-h60b93bd_7.conda
      - conda: https://conda.anaconda.org/conda-forge/osx-arm64/double-conversion-3.3.1-h286801f_0.conda
      - conda: https://conda.anaconda.org/conda-forge/noarch/font-ttf-dejavu-sans-mono-2.37-hab24e00_0.tar.bz2
      - conda: https://conda.anaconda.org/conda-forge/noarch/font-ttf-inconsolata-3.000-h77eed37_0.tar.bz2
      - conda: https://conda.anaconda.org/conda-forge/noarch/font-ttf-source-code-pro-2.038-h77eed37_0.tar.bz2
      - conda: https://conda.anaconda.org/conda-forge/noarch/font-ttf-ubuntu-0.83-h77eed37_3.conda
      - conda: https://conda.anaconda.org/conda-forge/osx-arm64/fontconfig-2.15.0-h1383a14_1.conda
      - conda: https://conda.anaconda.org/conda-forge/noarch/fonts-conda-ecosystem-1-0.tar.bz2
      - conda: https://conda.anaconda.org/conda-forge/noarch/fonts-conda-forge-1-0.tar.bz2
      - conda: https://conda.anaconda.org/conda-forge/osx-arm64/freetype-2.13.3-h1d14073_0.conda
      - conda: https://conda.anaconda.org/conda-forge/osx-arm64/graphite2-1.3.13-hebf3989_1003.conda
      - conda: https://conda.anaconda.org/conda-forge/osx-arm64/harfbuzz-11.0.1-h371b746_0.conda
      - conda: https://conda.anaconda.org/conda-forge/osx-arm64/icu-75.1-hfee45f7_0.conda
      - conda: https://conda.anaconda.org/conda-forge/osx-arm64/krb5-1.21.3-h237132a_0.conda
      - conda: https://conda.anaconda.org/conda-forge/osx-arm64/lerc-4.0.0-h9a09cb3_0.tar.bz2
      - conda: https://conda.anaconda.org/conda-forge/osx-arm64/libclang-cpp18.1-18.1.8-default_hf90f093_9.conda
      - conda: https://conda.anaconda.org/conda-forge/osx-arm64/libclang13-20.1.2-default_h81d93ff_0.conda
      - conda: https://conda.anaconda.org/conda-forge/osx-arm64/libcxx-20.1.2-ha82da77_0.conda
      - conda: https://conda.anaconda.org/conda-forge/osx-arm64/libdeflate-1.23-hec38601_0.conda
      - conda: https://conda.anaconda.org/conda-forge/osx-arm64/libedit-3.1.20250104-pl5321hafb1f1b_0.conda
      - conda: https://conda.anaconda.org/conda-forge/osx-arm64/libexpat-2.7.0-h286801f_0.conda
      - conda: https://conda.anaconda.org/conda-forge/osx-arm64/libffi-3.4.6-h1da3d7d_1.conda
      - conda: https://conda.anaconda.org/conda-forge/osx-arm64/libglib-2.84.0-hdff4504_0.conda
      - conda: https://conda.anaconda.org/conda-forge/osx-arm64/libiconv-1.18-hfe07756_1.conda
      - conda: https://conda.anaconda.org/conda-forge/osx-arm64/libintl-0.23.1-h493aca8_0.conda
      - conda: https://conda.anaconda.org/conda-forge/osx-arm64/libjpeg-turbo-3.0.0-hb547adb_1.conda
      - conda: https://conda.anaconda.org/conda-forge/osx-arm64/libllvm18-18.1.8-hc4b4ae8_3.conda
      - conda: https://conda.anaconda.org/conda-forge/osx-arm64/libllvm20-20.1.2-hc4b4ae8_0.conda
      - conda: https://conda.anaconda.org/conda-forge/osx-arm64/liblzma-5.8.1-h39f12f2_0.conda
      - conda: https://conda.anaconda.org/conda-forge/osx-arm64/libntlm-1.8-h5505292_0.conda
      - conda: https://conda.anaconda.org/conda-forge/osx-arm64/libpng-1.6.47-h3783ad8_0.conda
      - conda: https://conda.anaconda.org/conda-forge/osx-arm64/libpq-17.4-h6896619_1.conda
      - conda: https://conda.anaconda.org/conda-forge/osx-arm64/libsqlite-3.49.1-h3f77e49_2.conda
      - conda: https://conda.anaconda.org/conda-forge/osx-arm64/libtiff-4.7.0-h551f018_3.conda
      - conda: https://conda.anaconda.org/conda-forge/osx-arm64/libwebp-base-1.5.0-h2471fea_0.conda
      - conda: https://conda.anaconda.org/conda-forge/osx-arm64/libxml2-2.13.7-h52572c6_1.conda
      - conda: https://conda.anaconda.org/conda-forge/osx-arm64/libzlib-1.3.1-h8359307_2.conda
      - conda: https://conda.anaconda.org/conda-forge/osx-arm64/mysql-common-9.2.0-hd7719f6_0.conda
      - conda: https://conda.anaconda.org/conda-forge/osx-arm64/mysql-libs-9.2.0-ha8be5b7_0.conda
      - conda: https://conda.anaconda.org/conda-forge/osx-arm64/ncurses-6.5-h5e97a16_3.conda
      - conda: https://conda.anaconda.org/conda-forge/osx-arm64/openldap-2.6.9-hbe55e7a_0.conda
      - conda: https://conda.anaconda.org/conda-forge/osx-arm64/openssl-3.5.0-h81ee809_0.conda
      - conda: https://conda.anaconda.org/conda-forge/osx-arm64/pcre2-10.44-h297a79d_2.conda
      - conda: https://conda.anaconda.org/conda-forge/osx-arm64/pixman-0.44.2-h2f9eb0b_0.conda
      - conda: https://conda.anaconda.org/conda-forge/osx-arm64/qt6-main-6.9.0-hca13b62_1.conda
      - conda: https://conda.anaconda.org/conda-forge/osx-arm64/zstd-1.5.7-h6491c7d_2.conda
      - conda: .
packages:
- conda: https://conda.anaconda.org/conda-forge/osx-arm64/bzip2-1.0.8-h99b78c6_7.conda
  sha256: adfa71f158cbd872a36394c56c3568e6034aa55c623634b37a4836bd036e6b91
  md5: fc6948412dbbbe9a4c9ddbbcfe0a79ab
  depends:
  - __osx >=11.0
  license: bzip2-1.0.6
  license_family: BSD
  size: 122909
  timestamp: 1720974522888
- conda: https://conda.anaconda.org/conda-forge/osx-arm64/ca-certificates-2025.1.31-hf0a4a13_0.conda
  sha256: 7e12816618173fe70f5c638b72adf4bfd4ddabf27794369bb17871c5bb75b9f9
  md5: 3569d6a9141adc64d2fe4797f3289e06
  license: ISC
  size: 158425
  timestamp: 1738298167688
- conda: https://conda.anaconda.org/conda-forge/osx-arm64/cairo-1.18.4-h6a3b0d2_0.conda
  sha256: 00439d69bdd94eaf51656fdf479e0c853278439d22ae151cabf40eb17399d95f
  md5: 38f6df8bc8c668417b904369a01ba2e2
  depends:
  - __osx >=11.0
  - fontconfig >=2.15.0,<3.0a0
  - fonts-conda-ecosystem
  - freetype >=2.12.1,<3.0a0
  - icu >=75.1,<76.0a0
  - libcxx >=18
  - libexpat >=2.6.4,<3.0a0
  - libglib >=2.82.2,<3.0a0
  - libpng >=1.6.47,<1.7.0a0
  - libzlib >=1.3.1,<2.0a0
  - pixman >=0.44.2,<1.0a0
  license: LGPL-2.1-only or MPL-1.1
  size: 896173
  timestamp: 1741554795915
- conda: .
  name: calculatorbuilder
  version: 0.1.0
  build: hbf21a9e_0
  subdir: osx-arm64
  depends:
  - libcxx >=20
  - qt6-main >=6.9.0,<6.10.0a0
  input:
    hash: 6cca52442916fbd25b39d7ae0ef391adad1d69ff09c0b07b100579260e1d0adb
    globs:
    - pixi.toml
- conda: https://conda.anaconda.org/conda-forge/osx-arm64/cyrus-sasl-2.1.27-h60b93bd_7.conda
  sha256: befd4d6e8b542d0c30aff47b098d43bbbe1bbf743ba6cd87a100d8a8731a6e03
  md5: 80a3b015d05a7d235db1bf09911fe08e
  depends:
  - krb5 >=1.21.1,<1.22.0a0
  - libcxx >=15.0.7
  - libntlm
  - openssl >=3.1.1,<4.0a0
  license: BSD-3-Clause-Attribution
  license_family: BSD
  size: 210957
  timestamp: 1690061457834
- conda: https://conda.anaconda.org/conda-forge/osx-arm64/double-conversion-3.3.1-h286801f_0.conda
  sha256: 819867a009793fe719b74b2b5881a7e85dc13ce504c7260a9801f3b1970fd97b
  md5: 4dce99b1430bf11b64432e2edcc428fa
  depends:
  - __osx >=11.0
  - libcxx >=18
  license: BSD-3-Clause
  license_family: BSD
  size: 63265
  timestamp: 1739569780916
- conda: https://conda.anaconda.org/conda-forge/noarch/font-ttf-dejavu-sans-mono-2.37-hab24e00_0.tar.bz2
  sha256: 58d7f40d2940dd0a8aa28651239adbf5613254df0f75789919c4e6762054403b
  md5: 0c96522c6bdaed4b1566d11387caaf45
  license: BSD-3-Clause
  license_family: BSD
  size: 397370
  timestamp: 1566932522327
- conda: https://conda.anaconda.org/conda-forge/noarch/font-ttf-inconsolata-3.000-h77eed37_0.tar.bz2
  sha256: c52a29fdac682c20d252facc50f01e7c2e7ceac52aa9817aaf0bb83f7559ec5c
  md5: 34893075a5c9e55cdafac56607368fc6
  license: OFL-1.1
  license_family: Other
  size: 96530
  timestamp: 1620479909603
- conda: https://conda.anaconda.org/conda-forge/noarch/font-ttf-source-code-pro-2.038-h77eed37_0.tar.bz2
  sha256: 00925c8c055a2275614b4d983e1df637245e19058d79fc7dd1a93b8d9fb4b139
  md5: 4d59c254e01d9cde7957100457e2d5fb
  license: OFL-1.1
  license_family: Other
  size: 700814
  timestamp: 1620479612257
- conda: https://conda.anaconda.org/conda-forge/noarch/font-ttf-ubuntu-0.83-h77eed37_3.conda
  sha256: 2821ec1dc454bd8b9a31d0ed22a7ce22422c0aef163c59f49dfdf915d0f0ca14
  md5: 49023d73832ef61042f6a237cb2687e7
  license: LicenseRef-Ubuntu-Font-Licence-Version-1.0
  license_family: Other
  size: 1620504
  timestamp: 1727511233259
- conda: https://conda.anaconda.org/conda-forge/osx-arm64/fontconfig-2.15.0-h1383a14_1.conda
  sha256: f79d3d816fafbd6a2b0f75ebc3251a30d3294b08af9bb747194121f5efa364bc
  md5: 7b29f48742cea5d1ccb5edd839cb5621
  depends:
  - __osx >=11.0
  - freetype >=2.12.1,<3.0a0
  - libexpat >=2.6.3,<3.0a0
  - libzlib >=1.3.1,<2.0a0
  license: MIT
  license_family: MIT
  size: 234227
  timestamp: 1730284037572
- conda: https://conda.anaconda.org/conda-forge/noarch/fonts-conda-ecosystem-1-0.tar.bz2
  sha256: a997f2f1921bb9c9d76e6fa2f6b408b7fa549edd349a77639c9fe7a23ea93e61
  md5: fee5683a3f04bd15cbd8318b096a27ab
  depends:
  - fonts-conda-forge
  license: BSD-3-Clause
  license_family: BSD
  size: 3667
  timestamp: 1566974674465
- conda: https://conda.anaconda.org/conda-forge/noarch/fonts-conda-forge-1-0.tar.bz2
  sha256: 53f23a3319466053818540bcdf2091f253cbdbab1e0e9ae7b9e509dcaa2a5e38
  md5: f766549260d6815b0c52253f1fb1bb29
  depends:
  - font-ttf-dejavu-sans-mono
  - font-ttf-inconsolata
  - font-ttf-source-code-pro
  - font-ttf-ubuntu
  license: BSD-3-Clause
  license_family: BSD
  size: 4102
  timestamp: 1566932280397
- conda: https://conda.anaconda.org/conda-forge/osx-arm64/freetype-2.13.3-h1d14073_0.conda
  sha256: 2c273de32431c431a118a8cd33afb6efc616ddbbab9e5ba0fe31e3b4d1ff57a3
  md5: 630445a505ea6e59f55714853d8c9ed0
  depends:
  - __osx >=11.0
  - libpng >=1.6.47,<1.7.0a0
  - libzlib >=1.3.1,<2.0a0
  license: GPL-2.0-only OR FTL
  size: 590002
  timestamp: 1741863913870
- conda: https://conda.anaconda.org/conda-forge/osx-arm64/graphite2-1.3.13-hebf3989_1003.conda
  sha256: 2eadafbfc52f5e7df3da3c3b7e5bbe34d970bea1d645ffe60b0b1c3a216657f5
  md5: 339991336eeddb70076d8ca826dac625
  depends:
  - libcxx >=16
  license: LGPL-2.0-or-later
  license_family: LGPL
  size: 79774
  timestamp: 1711634444608
- conda: https://conda.anaconda.org/conda-forge/osx-arm64/harfbuzz-11.0.1-h371b746_0.conda
  sha256: 49952ff494f881912d3a91748f054fdde2d5f0093278b43599ae9a7ddc72542c
  md5: 8adae5917d224277a704e6d7e12c714d
  depends:
  - __osx >=11.0
  - cairo >=1.18.4,<2.0a0
  - freetype >=2.13.3,<3.0a0
  - graphite2
  - icu >=75.1,<76.0a0
  - libcxx >=18
  - libexpat >=2.7.0,<3.0a0
  - libglib >=2.84.0,<3.0a0
  - libzlib >=1.3.1,<2.0a0
  license: MIT
  license_family: MIT
  size: 1389800
  timestamp: 1744034439945
- conda: https://conda.anaconda.org/conda-forge/osx-arm64/icu-75.1-hfee45f7_0.conda
  sha256: 9ba12c93406f3df5ab0a43db8a4b4ef67a5871dfd401010fbe29b218b2cbe620
  md5: 5eb22c1d7b3fc4abb50d92d621583137
  depends:
  - __osx >=11.0
  license: MIT
  license_family: MIT
  size: 11857802
  timestamp: 1720853997952
- conda: https://conda.anaconda.org/conda-forge/osx-arm64/krb5-1.21.3-h237132a_0.conda
  sha256: 4442f957c3c77d69d9da3521268cad5d54c9033f1a73f99cde0a3658937b159b
  md5: c6dc8a0fdec13a0565936655c33069a1
  depends:
  - __osx >=11.0
  - libcxx >=16
  - libedit >=3.1.20191231,<3.2.0a0
  - libedit >=3.1.20191231,<4.0a0
  - openssl >=3.3.1,<4.0a0
  license: MIT
  license_family: MIT
  size: 1155530
  timestamp: 1719463474401
- conda: https://conda.anaconda.org/conda-forge/osx-arm64/lerc-4.0.0-h9a09cb3_0.tar.bz2
  sha256: 6f068bb53dfb6147d3147d981bb851bb5477e769407ad4e6a68edf482fdcb958
  md5: de462d5aacda3b30721b512c5da4e742
  depends:
  - libcxx >=13.0.1
  license: Apache-2.0
  license_family: Apache
  size: 215721
  timestamp: 1657977558796
- conda: https://conda.anaconda.org/conda-forge/osx-arm64/libclang-cpp18.1-18.1.8-default_hf90f093_9.conda
  sha256: 23eb5b180fadbe0b9a1d1aa123e44ef7ff774174b8a43fa40495c4ecc80f1328
  md5: 88893bbbccb1400d677f747b0c8f226f
  depends:
  - __osx >=11.0
  - libcxx >=18.1.8
  - libllvm18 >=18.1.8,<18.2.0a0
  license: Apache-2.0 WITH LLVM-exception
  license_family: Apache
  size: 13330734
  timestamp: 1744062341062
- conda: https://conda.anaconda.org/conda-forge/osx-arm64/libclang13-20.1.2-default_h81d93ff_0.conda
  sha256: 47adddaa5fc7f52265f8a7359e88541c7fc3ac84efb186838ee5e8fd9c5d27e8
  md5: d380d9480ae1561d60073edd2ce471b2
  depends:
  - __osx >=11.0
  - libcxx >=20.1.2
  - libllvm20 >=20.1.2,<20.2.0a0
  license: Apache-2.0 WITH LLVM-exception
  license_family: Apache
  size: 8435363
  timestamp: 1743643575547
- conda: https://conda.anaconda.org/conda-forge/osx-arm64/libcxx-20.1.2-ha82da77_0.conda
  sha256: e3ad5ba1ff49f988c1476f47f395499e841bdd8eafc3908cb1b64daae3a83f3b
  md5: 85ea0d49eb61f57e02ce98dc29ca161f
  depends:
  - __osx >=11.0
  license: Apache-2.0 WITH LLVM-exception
  license_family: Apache
  size: 566452
  timestamp: 1743573280445
- conda: https://conda.anaconda.org/conda-forge/osx-arm64/libdeflate-1.23-hec38601_0.conda
  sha256: 887c02deaed6d583459eba6367023e36d8761085b2f7126e389424f57155da53
  md5: 1d8b9588be14e71df38c525767a1ac30
  depends:
  - __osx >=11.0
  license: MIT
  license_family: MIT
  size: 54132
  timestamp: 1734373971372
- conda: https://conda.anaconda.org/conda-forge/osx-arm64/libedit-3.1.20250104-pl5321hafb1f1b_0.conda
  sha256: 66aa216a403de0bb0c1340a88d1a06adaff66bae2cfd196731aa24db9859d631
  md5: 44083d2d2c2025afca315c7a172eab2b
  depends:
  - ncurses
  - __osx >=11.0
  - ncurses >=6.5,<7.0a0
  license: BSD-2-Clause
  license_family: BSD
  size: 107691
  timestamp: 1738479560845
- conda: https://conda.anaconda.org/conda-forge/osx-arm64/libexpat-2.7.0-h286801f_0.conda
  sha256: ee550e44765a7bbcb2a0216c063dcd53ac914a7be5386dd0554bd06e6be61840
  md5: 6934bbb74380e045741eb8637641a65b
  depends:
  - __osx >=11.0
  constrains:
  - expat 2.7.0.*
  license: MIT
  license_family: MIT
  size: 65714
  timestamp: 1743431789879
- conda: https://conda.anaconda.org/conda-forge/osx-arm64/libffi-3.4.6-h1da3d7d_1.conda
  sha256: c6a530924a9b14e193ea9adfe92843de2a806d1b7dbfd341546ece9653129e60
  md5: c215a60c2935b517dcda8cad4705734d
  depends:
  - __osx >=11.0
  license: MIT
  license_family: MIT
  size: 39839
  timestamp: 1743434670405
- conda: https://conda.anaconda.org/conda-forge/osx-arm64/libglib-2.84.0-hdff4504_0.conda
  sha256: 70a414faef075e11e7a51861e9e9c953d8373b0089070f98136a7578d8cda67e
  md5: 86bdf23c648be3498294c4ab861e7090
  depends:
  - __osx >=11.0
  - libffi >=3.4,<4.0a0
  - libiconv >=1.18,<2.0a0
  - libintl >=0.23.1,<1.0a0
  - libzlib >=1.3.1,<2.0a0
  - pcre2 >=10.44,<10.45.0a0
  constrains:
  - glib 2.84.0 *_0
  license: LGPL-2.1-or-later
  size: 3698518
  timestamp: 1743039055882
- conda: https://conda.anaconda.org/conda-forge/osx-arm64/libiconv-1.18-hfe07756_1.conda
  sha256: d30780d24bf3a30b4f116fca74dedb4199b34d500fe6c52cced5f8cc1e926f03
  md5: 450e6bdc0c7d986acf7b8443dce87111
  depends:
  - __osx >=11.0
  license: LGPL-2.1-only
  size: 681804
  timestamp: 1740128227484
- conda: https://conda.anaconda.org/conda-forge/osx-arm64/libintl-0.23.1-h493aca8_0.conda
  sha256: 30d2a8a37070615a61777ce9317968b54c2197d04e9c6c2eea6cdb46e47f94dc
  md5: 7b8faf3b5fc52744bda99c4cd1d6438d
  depends:
  - __osx >=11.0
  - libiconv >=1.17,<2.0a0
  license: LGPL-2.1-or-later
  size: 78921
  timestamp: 1739039271409
- conda: https://conda.anaconda.org/conda-forge/osx-arm64/libjpeg-turbo-3.0.0-hb547adb_1.conda
  sha256: a42054eaa38e84fc1e5ab443facac4bbc9d1b6b6f23f54b7bf4f1eb687e1d993
  md5: 3ff1e053dc3a2b8e36b9bfa4256a58d1
  constrains:
  - jpeg <0.0.0a
  license: IJG AND BSD-3-Clause AND Zlib
  size: 547541
  timestamp: 1694475104253
- conda: https://conda.anaconda.org/conda-forge/osx-arm64/libllvm18-18.1.8-hc4b4ae8_3.conda
  sha256: eaf337e7323555705ef8fad64778de506828d3b6deab2493170c6fe8ad4b7a76
  md5: 202596038a5dc079ef688bd7e17ffec1
  depends:
  - __osx >=11.0
  - libcxx >=18
  - libxml2 >=2.13.5,<2.14.0a0
  - libzlib >=1.3.1,<2.0a0
  - zstd >=1.5.6,<1.6.0a0
  license: Apache-2.0 WITH LLVM-exception
  license_family: Apache
  size: 25986548
  timestamp: 1737837114740
- conda: https://conda.anaconda.org/conda-forge/osx-arm64/libllvm20-20.1.2-hc4b4ae8_0.conda
  sha256: 77c2915e2a5159f716734efa711188c9b0f83615507665ef11659e4b0d1454f6
  md5: f717d3a88705abb0ec6a9779fe2099be
  depends:
  - __osx >=11.0
  - libcxx >=18
  - libxml2 >=2.13.7,<2.14.0a0
  - libzlib >=1.3.1,<2.0a0
  - zstd >=1.5.7,<1.6.0a0
  license: Apache-2.0 WITH LLVM-exception
  license_family: Apache
  size: 28898594
  timestamp: 1743598256216
- conda: https://conda.anaconda.org/conda-forge/osx-arm64/liblzma-5.8.1-h39f12f2_0.conda
  sha256: 4291dde55ebe9868491dc29716b84ac3de21b8084cbd4d05c9eea79d206b8ab7
  md5: ba24e6f25225fea3d5b6912e2ac562f8
  depends:
  - __osx >=11.0
  license: 0BSD
  size: 92295
  timestamp: 1743771392206
- conda: https://conda.anaconda.org/conda-forge/osx-arm64/libntlm-1.8-h5505292_0.conda
  sha256: ea8c680924d957e12270dca549620327d5e986f23c4bd5f45627167ca6ef7a3b
  md5: c90c1d3bd778f5ec0d4bb4ef36cbd5b6
  depends:
  - __osx >=11.0
  license: LGPL-2.1-or-later
  size: 31099
  timestamp: 1734670168822
- conda: https://conda.anaconda.org/conda-forge/osx-arm64/libpng-1.6.47-h3783ad8_0.conda
  sha256: dc93cc30f59b28e7812c6f14d2c2e590b509c38092cce7ababe6b23541b7ed8f
  md5: 3550e05e3af94a3fa9cef2694417ccdf
  depends:
  - __osx >=11.0
  - libzlib >=1.3.1,<2.0a0
  license: zlib-acknowledgement
  size: 259332
  timestamp: 1739953032676
- conda: https://conda.anaconda.org/conda-forge/osx-arm64/libpq-17.4-h6896619_1.conda
  sha256: 7ea6665e3a9e5ab87d4dde16a8ee2bff295b71cd1b8d77d41437c030f1c39d11
  md5: 7003d9c4232f2fa496505148cd0f93f1
  depends:
  - __osx >=11.0
  - icu >=75.1,<76.0a0
  - krb5 >=1.21.3,<1.22.0a0
  - openldap >=2.6.9,<2.7.0a0
  - openssl >=3.4.1,<4.0a0
  license: PostgreSQL
  size: 2575311
  timestamp: 1743504740045
- conda: https://conda.anaconda.org/conda-forge/osx-arm64/libsqlite-3.49.1-h3f77e49_2.conda
  sha256: 907a95f73623c343fc14785cbfefcb7a6b4f2bcf9294fcb295c121611c3a590d
  md5: 3b1e330d775170ac46dff9a94c253bd0
  depends:
  - __osx >=11.0
  - libzlib >=1.3.1,<2.0a0
  license: Unlicense
  size: 900188
  timestamp: 1742083865246
- conda: https://conda.anaconda.org/conda-forge/osx-arm64/libtiff-4.7.0-h551f018_3.conda
  sha256: 91417846157e04992801438a496b151df89604b2e7c6775d6f701fcd0cbed5ae
  md5: a5d084a957563e614ec0c0196d890654
  depends:
  - __osx >=11.0
  - lerc >=4.0.0,<5.0a0
  - libcxx >=18
  - libdeflate >=1.23,<1.24.0a0
  - libjpeg-turbo >=3.0.0,<4.0a0
  - liblzma >=5.6.3,<6.0a0
  - libwebp-base >=1.4.0,<2.0a0
  - libzlib >=1.3.1,<2.0a0
  - zstd >=1.5.6,<1.6.0a0
  license: HPND
  size: 370600
  timestamp: 1734398863052
- conda: https://conda.anaconda.org/conda-forge/osx-arm64/libwebp-base-1.5.0-h2471fea_0.conda
  sha256: f8bdb876b4bc8cb5df47c28af29188de8911c3fea4b799a33743500149de3f4a
  md5: 569466afeb84f90d5bb88c11cc23d746
  depends:
  - __osx >=11.0
  constrains:
  - libwebp 1.5.0
  license: BSD-3-Clause
  license_family: BSD
  size: 290013
  timestamp: 1734777593617
- conda: https://conda.anaconda.org/conda-forge/osx-arm64/libxml2-2.13.7-h52572c6_1.conda
  sha256: 7afd5879a72e37f44a68b4af3e03f37fc1a310f041bf31fad2461d9a157e823b
  md5: 522fcdaebf3bac06a7b5a78e0a89195b
  depends:
  - __osx >=11.0
  - icu >=75.1,<76.0a0
  - libiconv >=1.18,<2.0a0
  - liblzma >=5.8.1,<6.0a0
  - libzlib >=1.3.1,<2.0a0
  license: MIT
  license_family: MIT
  size: 583561
  timestamp: 1743794674233
- conda: https://conda.anaconda.org/conda-forge/osx-arm64/libzlib-1.3.1-h8359307_2.conda
  sha256: ce34669eadaba351cd54910743e6a2261b67009624dbc7daeeafdef93616711b
  md5: 369964e85dc26bfe78f41399b366c435
  depends:
  - __osx >=11.0
  constrains:
  - zlib 1.3.1 *_2
  license: Zlib
  license_family: Other
  size: 46438
  timestamp: 1727963202283
- conda: https://conda.anaconda.org/conda-forge/osx-arm64/mysql-common-9.2.0-hd7719f6_0.conda
  sha256: b33fe2641406dcb757b4fe06154c987e3e54d163bad751dc9af30a0dec595597
  md5: 96bd69586b35b43aac4bbcd84adb0d17
  depends:
  - __osx >=11.0
  - libcxx >=18
  - openssl >=3.4.1,<4.0a0
  license: GPL-2.0-or-later
  license_family: GPL
  size: 684811
  timestamp: 1743936986822
- conda: https://conda.anaconda.org/conda-forge/osx-arm64/mysql-libs-9.2.0-ha8be5b7_0.conda
  sha256: 44dd6b82eaba4b113b7358b97d50b1f7406c5e4196b7bf7bd5c2c08011f36b72
  md5: a002885cd86feae186b555a9d1a38117
  depends:
  - __osx >=11.0
  - libcxx >=18
  - libzlib >=1.3.1,<2.0a0
  - mysql-common 9.2.0 hd7719f6_0
  - openssl >=3.4.1,<4.0a0
  - zstd >=1.5.7,<1.6.0a0
  license: GPL-2.0-or-later
  license_family: GPL
  size: 1373414
  timestamp: 1743937049446
- conda: https://conda.anaconda.org/conda-forge/osx-arm64/ncurses-6.5-h5e97a16_3.conda
  sha256: 2827ada40e8d9ca69a153a45f7fd14f32b2ead7045d3bbb5d10964898fe65733
  md5: 068d497125e4bf8a66bf707254fff5ae
  depends:
  - __osx >=11.0
  license: X11 AND BSD-3-Clause
  size: 797030
  timestamp: 1738196177597
- conda: https://conda.anaconda.org/conda-forge/osx-arm64/openldap-2.6.9-hbe55e7a_0.conda
  sha256: 5ae85f00a9dcf438e375d4fb5c45c510c7116e32c4b7af608ffd88e9e9dc6969
  md5: 8291e59e1dd136bceecdefbc7207ecd6
  depends:
  - __osx >=11.0
  - cyrus-sasl >=2.1.27,<3.0a0
  - krb5 >=1.21.3,<1.22.0a0
  - libcxx >=18
  - openssl >=3.4.0,<4.0a0
  license: OLDAP-2.8
  license_family: BSD
  size: 842504
  timestamp: 1732674565486
- conda: https://conda.anaconda.org/conda-forge/osx-arm64/openssl-3.5.0-h81ee809_0.conda
  sha256: 53f825acb8d3e13bdad5c869f6dc7df931941450eea7f6473b955b0aaea1a399
  md5: 3d2936da7e240d24c656138e07fa2502
  depends:
  - __osx >=11.0
  - ca-certificates
  license: Apache-2.0
  license_family: Apache
  size: 3067649
  timestamp: 1744132084304
- conda: https://conda.anaconda.org/conda-forge/osx-arm64/pcre2-10.44-h297a79d_2.conda
  sha256: 83153c7d8fd99cab33c92ce820aa7bfed0f1c94fc57010cf227b6e3c50cb7796
  md5: 147c83e5e44780c7492998acbacddf52
  depends:
  - __osx >=11.0
  - bzip2 >=1.0.8,<2.0a0
  - libzlib >=1.3.1,<2.0a0
  license: BSD-3-Clause
  license_family: BSD
  size: 618973
  timestamp: 1723488853807
- conda: https://conda.anaconda.org/conda-forge/osx-arm64/pixman-0.44.2-h2f9eb0b_0.conda
  sha256: 28855d4cb2d9fc9a6bd9196dadbaecd6868ec706394cec2f88824a61ba4b1bc0
  md5: fa8e429fdb9e5b757281f69b8cc4330b
  depends:
  - __osx >=11.0
  - libcxx >=18
  license: MIT
  license_family: MIT
  size: 201076
  timestamp: 1733699127167
- conda: https://conda.anaconda.org/conda-forge/osx-arm64/qt6-main-6.9.0-hca13b62_1.conda
  sha256: 28894ad9d6275c105cdaafa07df37e54134b82428af403f012089be3ce8bb39f
  md5: bd4bbb556b43e8cd5825d8537b33d38d
  depends:
  - __osx >=11.0
  - double-conversion >=3.3.1,<3.4.0a0
  - harfbuzz >=11.0.1
  - icu >=75.1,<76.0a0
  - krb5 >=1.21.3,<1.22.0a0
  - libclang-cpp18.1 >=18.1.8,<18.2.0a0
  - libclang13 >=18.1.8
  - libcxx >=18
  - libglib >=2.84.0,<3.0a0
  - libjpeg-turbo >=3.0.0,<4.0a0
  - libllvm18 >=18.1.8,<18.2.0a0
  - libpng >=1.6.47,<1.7.0a0
  - libpq >=17.4,<18.0a0
  - libsqlite >=3.49.1,<4.0a0
  - libtiff >=4.7.0,<4.8.0a0
  - libwebp-base >=1.5.0,<2.0a0
  - libzlib >=1.3.1,<2.0a0
  - mysql-libs >=9.2.0,<9.3.0a0
  - openssl >=3.5.0,<4.0a0
  - pcre2 >=10.44,<10.45.0a0
  - zstd >=1.5.7,<1.6.0a0
  constrains:
  - qt 6.9.0
  license: LGPL-3.0-only
  license_family: LGPL
  size: 44513633
  timestamp: 1744200982990
- conda: https://conda.anaconda.org/conda-forge/osx-arm64/zstd-1.5.7-h6491c7d_2.conda
  sha256: 0d02046f57f7a1a3feae3e9d1aa2113788311f3cf37a3244c71e61a93177ba67
  md5: e6f69c7bcccdefa417f056fa593b40f0
  depends:
  - __osx >=11.0
  - libzlib >=1.3.1,<2.0a0
  license: BSD-3-Clause
  license_family: BSD
  size: 399979
  timestamp: 1742433432699
